<?xml version="1.0" encoding="utf-8"?>
<Project ToolsVersion="4.0" xmlns="http://schemas.microsoft.com/developer/msbuild/2003">
  <ItemGroup>
    <Filter Include="Source Files">
      <UniqueIdentifier>{4FC737F1-C7A5-4376-A066-2A32D752A2FF}</UniqueIdentifier>
      <Extensions>cpp;c;cc;cxx;def;odl;idl;hpj;bat;asm;asmx</Extensions>
    </Filter>
    <Filter Include="Header Files">
      <UniqueIdentifier>{93995380-89BD-4b04-88EB-625FBE52EBFB}</UniqueIdentifier>
      <Extensions>h;hh;hpp;hxx;hm;inl;inc;xsd</Extensions>
    </Filter>
    <Filter Include="Resource Files">
      <UniqueIdentifier>{D9D6E242-F8AF-46E4-B9FD-80ECBC20BA3E}</UniqueIdentifier>
      <Extensions>qrc;*</Extensions>
      <ParseFiles>false</ParseFiles>
    </Filter>
    <Filter Include="Form Files">
      <UniqueIdentifier>{99349809-55BA-4b9d-BF79-8FDBB0286EB3}</UniqueIdentifier>
      <Extensions>ui</Extensions>
    </Filter>
    <Filter Include="Resource Files">
      <UniqueIdentifier>{D9D6E242-F8AF-46E4-B9FD-80ECBC20BA3E}</UniqueIdentifier>
      <Extensions>qrc;*</Extensions>
      <ParseFiles>false</ParseFiles>
    </Filter>
    <Filter Include="Generated Files">
      <UniqueIdentifier>{71ED8ED8-ACB9-4CE9-BBE1-E00B30144E11}</UniqueIdentifier>
      <Extensions>moc;h;cpp</Extensions>
      <SourceControlFiles>False</SourceControlFiles>
    </Filter>
    <Filter Include="Generated Files\Debug">
      <UniqueIdentifier>{f3827a84-e635-4f24-af93-a79df83dbdfb}</UniqueIdentifier>
      <Extensions>cpp;moc</Extensions>
      <SourceControlFiles>False</SourceControlFiles>
    </Filter>
    <Filter Include="Generated Files\Release">
      <UniqueIdentifier>{83dc743e-b89c-4538-896a-ddf14d14a247}</UniqueIdentifier>
      <Extensions>cpp;moc</Extensions>
      <SourceControlFiles>False</SourceControlFiles>
    </Filter>
  </ItemGroup>
  <ItemGroup>
    <ClCompile Include="ActiveAcquisitionSystem.cpp">
      <Filter>Source Files</Filter>
    </ClCompile>
    <ClCompile Include="GeneratedFiles\Debug\moc_ActiveAcquisitionSystem.cpp">
      <Filter>Generated Files\Debug</Filter>
    </ClCompile>
    <ClCompile Include="GeneratedFiles\Release\moc_ActiveAcquisitionSystem.cpp">
      <Filter>Generated Files\Release</Filter>
    </ClCompile>
    <ClCompile Include="GeneratedFiles\qrc_ActiveAcquisitionSystem.cpp">
      <Filter>Generated Files</Filter>
    </ClCompile>
    <ClCompile Include="AVTCamera.cpp">
      <Filter>Source Files</Filter>
    </ClCompile>
    <ClCompile Include="Camera.cpp">
      <Filter>Source Files</Filter>
    </ClCompile>
    <ClCompile Include="EDSWrapper.cpp">
      <Filter>Source Files</Filter>
    </ClCompile>
    <ClCompile Include="StandardProjector.cpp">
      <Filter>Source Files</Filter>
    </ClCompile>
    <ClCompile Include="GeneratedFiles\Debug\moc_StandardProjector.cpp">
      <Filter>Generated Files\Debug</Filter>
    </ClCompile>
    <ClCompile Include="GeneratedFiles\Release\moc_StandardProjector.cpp">
      <Filter>Generated Files\Release</Filter>
    </ClCompile>
    <ClCompile Include="WorkingSession.cpp">
      <Filter>Source Files</Filter>
    </ClCompile>
    <ClCompile Include="Projector.cpp">
      <Filter>Source Files</Filter>
    </ClCompile>
    <ClCompile Include="AcquisitionDeviceManager.cpp">
      <Filter>Source Files</Filter>
    </ClCompile>
    <ClCompile Include="..\activeCaptureCmd\activeCaptureCmd.cpp">
      <Filter>Source Files</Filter>
    </ClCompile>
    <ClCompile Include="FrameObserverAVT.cpp">
      <Filter>Source Files</Filter>
    </ClCompile>
    <ClCompile Include="CanonCamera.cpp">
      <Filter>Source Files</Filter>
    </ClCompile>
    <ClCompile Include="mainCanonTests.cpp">
      <Filter>Source Files</Filter>
    </ClCompile>
    <ClCompile Include="DLPProjector.cpp">
      <Filter>Source Files</Filter>
    </ClCompile>
    <ClCompile Include="..\External\Texas\HiresLib\usb.c">
      <Filter>Source Files</Filter>
    </ClCompile>
    <ClCompile Include="..\External\Texas\HiresLib\API.c">
      <Filter>Source Files</Filter>
    </ClCompile>
    <ClCompile Include="..\External\Texas\HiresLib\batchfile.c">
      <Filter>Source Files</Filter>
    </ClCompile>
    <ClCompile Include="..\External\Texas\HiresLib\BMPParser.c">
      <Filter>Source Files</Filter>
    </ClCompile>
    <ClCompile Include="..\External\Texas\HiresLib\compress.c">
      <Filter>Source Files</Filter>
    </ClCompile>
    <ClCompile Include="..\External\Texas\HiresLib\Error.c">
      <Filter>Source Files</Filter>
    </ClCompile>
    <ClCompile Include="..\External\Texas\HiresLib\flashimage.c">
      <Filter>Source Files</Filter>
    </ClCompile>
    <ClCompile Include="..\External\Texas\HiresLib\pattern.c">
      <Filter>Source Files</Filter>
    </ClCompile>
    <ClCompile Include="mainDLPtest.cpp">
      <Filter>Source Files</Filter>
    </ClCompile>
    <ClCompile Include="ParameterParser.cpp">
      <Filter>Source Files</Filter>
    </ClCompile>
    <ClCompile Include="mainScreenProjectorTests.cpp">
      <Filter>Source Files</Filter>
    </ClCompile>
  </ItemGroup>
  <ItemGroup>
    <CustomBuild Include="ActiveAcquisitionSystem.h">
      <Filter>Header Files</Filter>
    </CustomBuild>
    <CustomBuild Include="ActiveAcquisitionSystem.ui">
      <Filter>Form Files</Filter>
    </CustomBuild>
    <CustomBuild Include="ActiveAcquisitionSystem.qrc">
      <Filter>Resource Files</Filter>
    </CustomBuild>
    <CustomBuild Include="StandardProjector.h">
      <Filter>Header Files</Filter>
    </CustomBuild>
    <CustomBuild Include="MainGUI.ui">
      <Filter>Form Files</Filter>
    </CustomBuild>
  </ItemGroup>
  <ItemGroup>
    <ClInclude Include="GeneratedFiles\ui_ActiveAcquisitionSystem.h">
      <Filter>Generated Files</Filter>
    </ClInclude>
    <ClInclude Include="AVTCamera.h">
      <Filter>Header Files</Filter>
    </ClInclude>
    <ClInclude Include="Camera.h">
      <Filter>Header Files</Filter>
    </ClInclude>
    <ClInclude Include="EDSWrapper.h">
      <Filter>Header Files</Filter>
    </ClInclude>
    <ClInclude Include="WorkingSession.h">
      <Filter>Header Files</Filter>
    </ClInclude>
    <ClInclude Include="Projector.h">
      <Filter>Header Files</Filter>
    </ClInclude>
    <ClInclude Include="AcquisitionDeviceManager.h">
      <Filter>Header Files</Filter>
    </ClInclude>
    <ClInclude Include="..\External\Nikon\Header Files\Maid3.h">
      <Filter>Header Files</Filter>
    </ClInclude>
    <ClInclude Include="..\External\Nikon\Header Files\Maid3d1.h">
      <Filter>Header Files</Filter>
    </ClInclude>
    <ClInclude Include="..\External\Nikon\Header Files\NkTypes.h">
      <Filter>Header Files</Filter>
    </ClInclude>
    <ClInclude Include="GeneratedFiles\ui_MainGUI.h">
      <Filter>Generated Files</Filter>
    </ClInclude>
    <ClInclude Include="..\activeCaptureCmd\activeCaptureCmd.h">
      <Filter>Header Files</Filter>
    </ClInclude>
    <ClInclude Include="..\External\Vimba\VmbImageTransformHelper.hpp">
      <Filter>Header Files</Filter>
    </ClInclude>
    <ClInclude Include="FrameObserverAVT.h">
      <Filter>Header Files</Filter>
    </ClInclude>
    <ClInclude Include="CanonCamera.h">
      <Filter>Header Files</Filter>
    </ClInclude>
    <ClInclude Include="debugMacros.h">
      <Filter>Header Files</Filter>
    </ClInclude>
    <ClInclude Include="DLPProjector.h">
      <Filter>Header Files</Filter>
    </ClInclude>
    <ClInclude Include="..\External\Texas\HiresLib\usb.h">
      <Filter>Header Files</Filter>
    </ClInclude>
    <ClInclude Include="..\External\Texas\HiresLib\API.h">
      <Filter>Header Files</Filter>
    </ClInclude>
    <ClInclude Include="..\External\Texas\HiresLib\batchfile.h">
      <Filter>Header Files</Filter>
    </ClInclude>
    <ClInclude Include="..\External\Texas\HiresLib\BMPParser.h">
      <Filter>Header Files</Filter>
    </ClInclude>
    <ClInclude Include="..\External\Texas\HiresLib\common.h">
      <Filter>Header Files</Filter>
    </ClInclude>
    <ClInclude Include="..\External\Texas\HiresLib\compress.h">
      <Filter>Header Files</Filter>
    </ClInclude>
    <ClInclude Include="..\External\Texas\HiresLib\Error.h">
      <Filter>Header Files</Filter>
    </ClInclude>
    <ClInclude Include="..\External\Texas\HiresLib\flashimage.h">
      <Filter>Header Files</Filter>
    </ClInclude>
    <ClInclude Include="..\External\Texas\HiresLib\pattern.h">
      <Filter>Header Files</Filter>
    </ClInclude>
    <ClInclude Include="..\External\Texas\patternelement.h">
      <Filter>Header Files</Filter>
    </ClInclude>
    <ClInclude Include="ParameterParser.h">
      <Filter>Header Files</Filter>
    </ClInclude>
  </ItemGroup>
  <ItemGroup>
    <ResourceCompile Include="ActiveAcquisitionSystem.rc" />
  </ItemGroup>
</Project>